
Microsoft Visual Studio Solution File, Format Version 12.00
# Visual Studio Version 16
VisualStudioVersion = 16.0.29806.167
MinimumVisualStudioVersion = 10.0.40219.1
Project("{FAE04EC0-301F-11D3-BF4B-00C04F79EFBC}") = "QuickDate", "QuickDate\QuickDate.csproj", "{2C3BA390-A101-47BF-87A1-0451C18FCE35}"
EndProject
Project("{FAE04EC0-301F-11D3-BF4B-00C04F79EFBC}") = "QuickTest", "QuickTest\QuickTest.csproj", "{18338916-9013-4AB0-BDE7-C30C1ED36F52}"
EndProject
Global
	GlobalSection(SolutionConfigurationPlatforms) = preSolution
		Debug|Any CPU = Debug|Any CPU
		Release|Any CPU = Release|Any CPU
	EndGlobalSection
	GlobalSection(ProjectConfigurationPlatforms) = postSolution
		{2C3BA390-A101-47BF-87A1-0451C18FCE35}.Debug|Any CPU.ActiveCfg = Debug|Any CPU
		{2C3BA390-A101-47BF-87A1-0451C18FCE35}.Debug|Any CPU.Build.0 = Debug|Any CPU
		{2C3BA390-A101-47BF-87A1-0451C18FCE35}.Release|Any CPU.ActiveCfg = Release|Any CPU
		{2C3BA390-A101-47BF-87A1-0451C18FCE35}.Release|Any CPU.Build.0 = Release|Any CPU
		{18338916-9013-4AB0-BDE7-C30C1ED36F52}.Debug|Any CPU.ActiveCfg = Debug|Any CPU
		{18338916-9013-4AB0-BDE7-C30C1ED36F52}.Debug|Any CPU.Build.0 = Debug|Any CPU
		{18338916-9013-4AB0-BDE7-C30C1ED36F52}.Release|Any CPU.ActiveCfg = Release|Any CPU
		{18338916-9013-4AB0-BDE7-C30C1ED36F52}.Release|Any CPU.Build.0 = Release|Any CPU
	EndGlobalSection
	GlobalSection(SolutionProperties) = preSolution
		HideSolutionNode = FALSE
	EndGlobalSection
	GlobalSection(ExtensibilityGlobals) = postSolution
		SolutionGuid = {5E59C20C-2E4B-4DBC-BDC3-1779ED9AAAEC}
	EndGlobalSection
EndGlobal
